// !$*UTF8*$!
{
	archiveVersion = 1;
	classes = {};
	objectVersion = 56;
	objects = {

/* Begin PBXBuildFile section */
		100000000000000000000011 /* PhantomVPNApp.swift in Sources */ = {isa = PBXBuildFile; fileRef = 100000000000000000000001 /* PhantomVPNApp.swift */; };
		100000000000000000000012 /* ContentView.swift in Sources */ = {isa = PBXBuildFile; fileRef = 100000000000000000000002 /* ContentView.swift */; };
		100000000000000000000013 /* DashboardView.swift in Sources */ = {isa = PBXBuildFile; fileRef = 100000000000000000000003 /* DashboardView.swift */; };
		100000000000000000000014 /* LogsView.swift in Sources */ = {isa = PBXBuildFile; fileRef = 100000000000000000000004 /* LogsView.swift */; };
		100000000000000000000015 /* SettingsView.swift in Sources */ = {isa = PBXBuildFile; fileRef = 100000000000000000000005 /* SettingsView.swift */; };
		100000000000000000000016 /* AdminView.swift in Sources */ = {isa = PBXBuildFile; fileRef = 100000000000000000000006 /* AdminView.swift */; };
		100000000000000000000017 /* QrScannerView.swift in Sources */ = {isa = PBXBuildFile; fileRef = 100000000000000000000007 /* QrScannerView.swift */; };
		100000000000000000000018 /* ConnectButton.swift in Sources */ = {isa = PBXBuildFile; fileRef = 100000000000000000000008 /* ConnectButton.swift */; };
		100000000000000000000019 /* StatCard.swift in Sources */ = {isa = PBXBuildFile; fileRef = 100000000000000000000009 /* StatCard.swift */; };
		10000000000000000000001A /* PacketTunnelProvider.swift in Sources */ = {isa = PBXBuildFile; fileRef = 10000000000000000000000A /* PacketTunnelProvider.swift */; };
		10000000000000000000001B /* VpnProfile.swift in Sources */ = {isa = PBXBuildFile; fileRef = 10000000000000000000000D /* VpnProfile.swift */; };
		10000000000000000000001C /* ConnStringParser.swift in Sources */ = {isa = PBXBuildFile; fileRef = 10000000000000000000000E /* ConnStringParser.swift */; };
		10000000000000000000001D /* RoutingRulesManager.swift in Sources */ = {isa = PBXBuildFile; fileRef = 10000000000000000000000F /* RoutingRulesManager.swift */; };
		10000000000000000000001E /* ProfileStore.swift in Sources */ = {isa = PBXBuildFile; fileRef = 100000000000000000000010 /* ProfileStore.swift */; };
		10000000000000000000001F /* PreferencesStore.swift in Sources */ = {isa = PBXBuildFile; fileRef = 100000000000000000000023 /* PreferencesStore.swift */; };
		10000000000000000000012A /* VpnManager.swift in Sources */ = {isa = PBXBuildFile; fileRef = 100000000000000000000024 /* VpnManager.swift */; };
		10000000000000000000012B /* AdminManager.swift in Sources */ = {isa = PBXBuildFile; fileRef = 100000000000000000000025 /* AdminManager.swift */; };
		10000000000000000000012C /* Colors.swift in Sources */ = {isa = PBXBuildFile; fileRef = 100000000000000000000026 /* Colors.swift */; };
		10000000000000000000012D /* AppPaths.swift in Sources */ = {isa = PBXBuildFile; fileRef = 100000000000000000000027 /* AppPaths.swift */; };
		10000000000000000000012E /* FormatUtils.swift in Sources */ = {isa = PBXBuildFile; fileRef = 100000000000000000000028 /* FormatUtils.swift */; };
		10000000000000000000012F /* PhantomFFI.swift in Sources */ = {isa = PBXBuildFile; fileRef = 100000000000000000000029 /* PhantomFFI.swift */; };
/* End PBXBuildFile section */

/* Begin PBXFileReference section */
		100000000000000000000001 /* PhantomVPNApp.swift */ = {isa = PBXFileReference; lastKnownFileType = sourcecode.swift; path = PhantomVPN/PhantomVPNApp.swift; sourceTree = "<group>"; };
		100000000000000000000002 /* ContentView.swift */ = {isa = PBXFileReference; lastKnownFileType = sourcecode.swift; path = PhantomVPN/Views/ContentView.swift; sourceTree = "<group>"; };
		100000000000000000000003 /* DashboardView.swift */ = {isa = PBXFileReference; lastKnownFileType = sourcecode.swift; path = PhantomVPN/Views/DashboardView.swift; sourceTree = "<group>"; };
		100000000000000000000004 /* LogsView.swift */ = {isa = PBXFileReference; lastKnownFileType = sourcecode.swift; path = PhantomVPN/Views/LogsView.swift; sourceTree = "<group>"; };
		100000000000000000000005 /* SettingsView.swift */ = {isa = PBXFileReference; lastKnownFileType = sourcecode.swift; path = PhantomVPN/Views/SettingsView.swift; sourceTree = "<group>"; };
		100000000000000000000006 /* AdminView.swift */ = {isa = PBXFileReference; lastKnownFileType = sourcecode.swift; path = PhantomVPN/Views/AdminView.swift; sourceTree = "<group>"; };
		100000000000000000000007 /* QrScannerView.swift */ = {isa = PBXFileReference; lastKnownFileType = sourcecode.swift; path = PhantomVPN/Views/QrScannerView.swift; sourceTree = "<group>"; };
		100000000000000000000008 /* ConnectButton.swift */ = {isa = PBXFileReference; lastKnownFileType = sourcecode.swift; path = PhantomVPN/Components/ConnectButton.swift; sourceTree = "<group>"; };
		100000000000000000000009 /* StatCard.swift */ = {isa = PBXFileReference; lastKnownFileType = sourcecode.swift; path = PhantomVPN/Components/StatCard.swift; sourceTree = "<group>"; };
		10000000000000000000000A /* PacketTunnelProvider.swift */ = {isa = PBXFileReference; lastKnownFileType = sourcecode.swift; path = PacketTunnel/PacketTunnelProvider.swift; sourceTree = "<group>"; };
		10000000000000000000000D /* VpnProfile.swift */ = {isa = PBXFileReference; lastKnownFileType = sourcecode.swift; path = PhantomVPN/Data/VpnProfile.swift; sourceTree = "<group>"; };
		10000000000000000000000E /* ConnStringParser.swift */ = {isa = PBXFileReference; lastKnownFileType = sourcecode.swift; path = PhantomVPN/Data/ConnStringParser.swift; sourceTree = "<group>"; };
		10000000000000000000000F /* RoutingRulesManager.swift */ = {isa = PBXFileReference; lastKnownFileType = sourcecode.swift; path = PhantomVPN/Data/RoutingRulesManager.swift; sourceTree = "<group>"; };
		100000000000000000000010 /* ProfileStore.swift */ = {isa = PBXFileReference; lastKnownFileType = sourcecode.swift; path = PhantomVPN/Models/ProfileStore.swift; sourceTree = "<group>"; };
		100000000000000000000023 /* PreferencesStore.swift */ = {isa = PBXFileReference; lastKnownFileType = sourcecode.swift; path = PhantomVPN/Models/PreferencesStore.swift; sourceTree = "<group>"; };
		100000000000000000000024 /* VpnManager.swift */ = {isa = PBXFileReference; lastKnownFileType = sourcecode.swift; path = PhantomVPN/Models/VpnManager.swift; sourceTree = "<group>"; };
		100000000000000000000025 /* AdminManager.swift */ = {isa = PBXFileReference; lastKnownFileType = sourcecode.swift; path = PhantomVPN/Models/AdminManager.swift; sourceTree = "<group>"; };
		100000000000000000000026 /* Colors.swift */ = {isa = PBXFileReference; lastKnownFileType = sourcecode.swift; path = PhantomVPN/Theme/Colors.swift; sourceTree = "<group>"; };
		100000000000000000000027 /* AppPaths.swift */ = {isa = PBXFileReference; lastKnownFileType = sourcecode.swift; path = PhantomVPN/Helpers/AppPaths.swift; sourceTree = "<group>"; };
		100000000000000000000028 /* FormatUtils.swift */ = {isa = PBXFileReference; lastKnownFileType = sourcecode.swift; path = PhantomVPN/Helpers/FormatUtils.swift; sourceTree = "<group>"; };
		100000000000000000000029 /* PhantomFFI.swift */ = {isa = PBXFileReference; lastKnownFileType = sourcecode.swift; path = PhantomVPN/Helpers/PhantomFFI.swift; sourceTree = "<group>"; };
		10000000000000000000000B /* PhantomVPN.app */ = {isa = PBXFileReference; explicitFileType = wrapper.application; path = PhantomVPN.app; sourceTree = BUILT_PRODUCTS_DIR; };
		10000000000000000000000C /* PacketTunnel.appex */ = {isa = PBXFileReference; explicitFileType = "wrapper.app-extension"; path = PacketTunnel.appex; sourceTree = BUILT_PRODUCTS_DIR; };
/* End PBXFileReference section */

/* Begin PBXFrameworksBuildPhase section */
		100000000000000000000031 /* Frameworks */ = {isa = PBXFrameworksBuildPhase; buildActionMask = 2147483647; files = (); runOnlyForDeploymentPostprocessing = 0; };
		100000000000000000000032 /* Frameworks */ = {isa = PBXFrameworksBuildPhase; buildActionMask = 2147483647; files = (); runOnlyForDeploymentPostprocessing = 0; };
/* End PBXFrameworksBuildPhase section */

/* Begin PBXGroup section */
		100000000000000000000020 = {
			isa = PBXGroup;
			children = (
				100000000000000000000021 /* Sources */,
				100000000000000000000022 /* Products */,
			);
			sourceTree = "<group>";
		};
		100000000000000000000021 /* Sources */ = {
			isa = PBXGroup;
			children = (
				100000000000000000000001 /* PhantomVPNApp.swift */,
				100000000000000000000002 /* ContentView.swift */,
				100000000000000000000003 /* DashboardView.swift */,
				100000000000000000000004 /* LogsView.swift */,
				100000000000000000000005 /* SettingsView.swift */,
				100000000000000000000006 /* AdminView.swift */,
				100000000000000000000007 /* QrScannerView.swift */,
				100000000000000000000008 /* ConnectButton.swift */,
				100000000000000000000009 /* StatCard.swift */,
				10000000000000000000000A /* PacketTunnelProvider.swift */,
				10000000000000000000000D /* VpnProfile.swift */,
				10000000000000000000000E /* ConnStringParser.swift */,
				10000000000000000000000F /* RoutingRulesManager.swift */,
				100000000000000000000010 /* ProfileStore.swift */,
				100000000000000000000023 /* PreferencesStore.swift */,
				100000000000000000000024 /* VpnManager.swift */,
				100000000000000000000025 /* AdminManager.swift */,
				100000000000000000000026 /* Colors.swift */,
				100000000000000000000027 /* AppPaths.swift */,
				100000000000000000000028 /* FormatUtils.swift */,
				100000000000000000000029 /* PhantomFFI.swift */,
			);
			sourceTree = "<group>";
		};
		100000000000000000000022 /* Products */ = {
			isa = PBXGroup;
			children = (
				10000000000000000000000B /* PhantomVPN.app */,
				10000000000000000000000C /* PacketTunnel.appex */,
			);
			name = Products;
			sourceTree = "<group>";
		};
/* End PBXGroup section */

/* Begin PBXNativeTarget section */
		100000000000000000000041 /* PhantomVPN */ = {
			isa = PBXNativeTarget;
			buildConfigurationList = 100000000000000000000061 /* Build configuration list for PBXNativeTarget "PhantomVPN" */;
			buildPhases = (
				100000000000000000000051 /* Sources */,
				100000000000000000000031 /* Frameworks */,
				100000000000000000000071 /* Resources */,
			);
			buildRules = ();
			dependencies = (
				100000000000000000000081 /* PBXTargetDependency */,
			);
			name = PhantomVPN;
			productName = PhantomVPN;
			productReference = 10000000000000000000000B /* PhantomVPN.app */;
			productType = "com.apple.product-type.application";
		};
		100000000000000000000042 /* PacketTunnel */ = {
			isa = PBXNativeTarget;
			buildConfigurationList = 100000000000000000000062 /* Build configuration list for PBXNativeTarget "PacketTunnel" */;
			buildPhases = (
				100000000000000000000052 /* Sources */,
				100000000000000000000032 /* Frameworks */,
				100000000000000000000072 /* Resources */,
			);
			buildRules = ();
			dependencies = ();
			name = PacketTunnel;
			productName = PacketTunnel;
			productReference = 10000000000000000000000C /* PacketTunnel.appex */;
			productType = "com.apple.product-type.app-extension";
		};
/* End PBXNativeTarget section */

/* Begin PBXProject section */
		100000000000000000000030 /* Project object */ = {
			isa = PBXProject;
			attributes = {
				LastSwiftUpdateCheck = 1600;
				LastUpgradeCheck = 1600;
				TargetAttributes = {};
			};
			buildConfigurationList = 100000000000000000000060 /* Build configuration list for PBXProject "PhantomVPN" */;
			compatibilityVersion = "Xcode 14.0";
			developmentRegion = en;
			hasScannedForEncodings = 0;
			knownRegions = (en, Base);
			mainGroup = 100000000000000000000020;
			productRefGroup = 100000000000000000000022 /* Products */;
			projectDirPath = "";
			projectRoot = "";
			targets = (
				100000000000000000000041 /* PhantomVPN */,
				100000000000000000000042 /* PacketTunnel */,
			);
		};
/* End PBXProject section */

/* Begin PBXResourcesBuildPhase section */
		100000000000000000000071 /* Resources */ = {isa = PBXResourcesBuildPhase; buildActionMask = 2147483647; files = (); runOnlyForDeploymentPostprocessing = 0; };
		100000000000000000000072 /* Resources */ = {isa = PBXResourcesBuildPhase; buildActionMask = 2147483647; files = (); runOnlyForDeploymentPostprocessing = 0; };
/* End PBXResourcesBuildPhase section */

/* Begin PBXSourcesBuildPhase section */
		100000000000000000000051 /* Sources */ = {
			isa = PBXSourcesBuildPhase;
			buildActionMask = 2147483647;
			files = (
				100000000000000000000011 /* PhantomVPNApp.swift in Sources */,
				100000000000000000000012 /* ContentView.swift in Sources */,
				100000000000000000000013 /* DashboardView.swift in Sources */,
				100000000000000000000014 /* LogsView.swift in Sources */,
				100000000000000000000015 /* SettingsView.swift in Sources */,
				100000000000000000000016 /* AdminView.swift in Sources */,
				100000000000000000000017 /* QrScannerView.swift in Sources */,
				100000000000000000000018 /* ConnectButton.swift in Sources */,
				100000000000000000000019 /* StatCard.swift in Sources */,
				10000000000000000000001B /* VpnProfile.swift in Sources */,
				10000000000000000000001C /* ConnStringParser.swift in Sources */,
				10000000000000000000001D /* RoutingRulesManager.swift in Sources */,
				10000000000000000000001E /* ProfileStore.swift in Sources */,
				10000000000000000000001F /* PreferencesStore.swift in Sources */,
				10000000000000000000012A /* VpnManager.swift in Sources */,
				10000000000000000000012B /* AdminManager.swift in Sources */,
				10000000000000000000012C /* Colors.swift in Sources */,
				10000000000000000000012D /* AppPaths.swift in Sources */,
				10000000000000000000012E /* FormatUtils.swift in Sources */,
				10000000000000000000012F /* PhantomFFI.swift in Sources */,
			);
			runOnlyForDeploymentPostprocessing = 0;
		};
		100000000000000000000052 /* Sources */ = {
			isa = PBXSourcesBuildPhase;
			buildActionMask = 2147483647;
			files = (
				10000000000000000000001A /* PacketTunnelProvider.swift in Sources */,
			);
			runOnlyForDeploymentPostprocessing = 0;
		};
/* End PBXSourcesBuildPhase section */

/* Begin PBXTargetDependency section */
		100000000000000000000081 /* PBXTargetDependency */ = {isa = PBXTargetDependency; target = 100000000000000000000042 /* PacketTunnel */; targetProxy = 100000000000000000000082 /* PBXContainerItemProxy */; };
/* End PBXTargetDependency section */

/* Begin PBXContainerItemProxy section */
		100000000000000000000082 /* PBXContainerItemProxy */ = {
			isa = PBXContainerItemProxy;
			containerPortal = 100000000000000000000030 /* Project object */;
			proxyType = 1;
			remoteGlobalIDString = 100000000000000000000042;
			remoteInfo = PacketTunnel;
		};
/* End PBXContainerItemProxy section */

/* Begin XCBuildConfiguration section */
		100000000000000000000091 /* Debug */ = {
			isa = XCBuildConfiguration;
			buildSettings = {
				CODE_SIGN_ENTITLEMENTS = PhantomVPN/PhantomVPN.entitlements;
				CODE_SIGN_STYLE = Automatic;
				DEVELOPMENT_TEAM = "";
				INFOPLIST_FILE = PhantomVPN/Info.plist;
				IPHONEOS_DEPLOYMENT_TARGET = 16.0;
				PRODUCT_BUNDLE_IDENTIFIER = com.ghoststream.vpn.ios;
				PRODUCT_NAME = "$(TARGET_NAME)";
				SDKROOT = iphoneos;
				SUPPORTED_PLATFORMS = "iphoneos iphonesimulator";
				SWIFT_VERSION = 5.0;
				TARGETED_DEVICE_FAMILY = "1,2";
			};
			name = Debug;
		};
		100000000000000000000092 /* Release */ = {
			isa = XCBuildConfiguration;
			buildSettings = {
				CODE_SIGN_ENTITLEMENTS = PhantomVPN/PhantomVPN.entitlements;
				CODE_SIGN_STYLE = Automatic;
				DEVELOPMENT_TEAM = "";
				INFOPLIST_FILE = PhantomVPN/Info.plist;
				IPHONEOS_DEPLOYMENT_TARGET = 16.0;
				PRODUCT_BUNDLE_IDENTIFIER = com.ghoststream.vpn.ios;
				PRODUCT_NAME = "$(TARGET_NAME)";
				SDKROOT = iphoneos;
				SUPPORTED_PLATFORMS = "iphoneos iphonesimulator";
				SWIFT_VERSION = 5.0;
				TARGETED_DEVICE_FAMILY = "1,2";
			};
			name = Release;
		};
		100000000000000000000093 /* Debug */ = {
			isa = XCBuildConfiguration;
			buildSettings = {
				CODE_SIGN_ENTITLEMENTS = PacketTunnel/PacketTunnel.entitlements;
				CODE_SIGN_STYLE = Automatic;
				DEVELOPMENT_TEAM = "";
				HEADER_SEARCH_PATHS = (
					"$(SRCROOT)/PacketTunnel",
				);
				INFOPLIST_FILE = PacketTunnel/Info.plist;
				IPHONEOS_DEPLOYMENT_TARGET = 16.0;
				LIBRARY_SEARCH_PATHS = (
					"$(SRCROOT)/../target/aarch64-apple-ios/release",
					"$(SRCROOT)/../target/aarch64-apple-ios-sim/release",
				);
				OTHER_LDFLAGS = (
					"-lphantom_ios",
				);
				PRODUCT_BUNDLE_IDENTIFIER = com.ghoststream.vpn.ios.PacketTunnel;
				PRODUCT_NAME = "$(TARGET_NAME)";
				SDKROOT = iphoneos;
				SUPPORTED_PLATFORMS = "iphoneos iphonesimulator";
				SWIFT_VERSION = 5.0;
				SWIFT_OBJC_BRIDGING_HEADER = PacketTunnel/phantom_ios.h;
				TARGETED_DEVICE_FAMILY = "1,2";
			};
			name = Debug;
		};
		100000000000000000000094 /* Release */ = {
			isa = XCBuildConfiguration;
			buildSettings = {
				CODE_SIGN_ENTITLEMENTS = PacketTunnel/PacketTunnel.entitlements;
				CODE_SIGN_STYLE = Automatic;
				DEVELOPMENT_TEAM = "";
				HEADER_SEARCH_PATHS = (
					"$(SRCROOT)/PacketTunnel",
				);
				INFOPLIST_FILE = PacketTunnel/Info.plist;
				IPHONEOS_DEPLOYMENT_TARGET = 16.0;
				LIBRARY_SEARCH_PATHS = (
					"$(SRCROOT)/../target/aarch64-apple-ios/release",
					"$(SRCROOT)/../target/aarch64-apple-ios-sim/release",
				);
				OTHER_LDFLAGS = (
					"-lphantom_ios",
				);
				PRODUCT_BUNDLE_IDENTIFIER = com.ghoststream.vpn.ios.PacketTunnel;
				PRODUCT_NAME = "$(TARGET_NAME)";
				SDKROOT = iphoneos;
				SUPPORTED_PLATFORMS = "iphoneos iphonesimulator";
				SWIFT_VERSION = 5.0;
				SWIFT_OBJC_BRIDGING_HEADER = PacketTunnel/phantom_ios.h;
				TARGETED_DEVICE_FAMILY = "1,2";
			};
			name = Release;
		};
		100000000000000000000095 /* Debug */ = {
			isa = XCBuildConfiguration;
			buildSettings = {};
			name = Debug;
		};
		100000000000000000000096 /* Release */ = {
			isa = XCBuildConfiguration;
			buildSettings = {};
			name = Release;
		};
/* End XCBuildConfiguration section */

/* Begin XCConfigurationList section */
		100000000000000000000060 /* Build configuration list for PBXProject "PhantomVPN" */ = {
			isa = XCConfigurationList;
			buildConfigurations = (
				100000000000000000000095 /* Debug */,
				100000000000000000000096 /* Release */,
			);
			defaultConfigurationIsVisible = 0;
			defaultConfigurationName = Release;
		};
		100000000000000000000061 /* Build configuration list for PBXNativeTarget "PhantomVPN" */ = {
			isa = XCConfigurationList;
			buildConfigurations = (
				100000000000000000000091 /* Debug */,
				100000000000000000000092 /* Release */,
			);
			defaultConfigurationIsVisible = 0;
			defaultConfigurationName = Release;
		};
		100000000000000000000062 /* Build configuration list for PBXNativeTarget "PacketTunnel" */ = {
			isa = XCConfigurationList;
			buildConfigurations = (
				100000000000000000000093 /* Debug */,
				100000000000000000000094 /* Release */,
			);
			defaultConfigurationIsVisible = 0;
			defaultConfigurationName = Release;
		};
/* End XCConfigurationList section */
	};
	rootObject = 100000000000000000000030 /* Project object */;
}
